
Microsoft Visual Studio Solution File, Format Version 12.00
# Visual Studio 15
VisualStudioVersion = 15.0.26124.0
MinimumVisualStudioVersion = 15.0.26124.0
Project("{FAE04EC0-301F-11D3-BF4B-00C04F79EFBC}") = "PubSubIpc", "PubSubIpc\PubSubIpc.csproj", "{B2C30BAD-6FFA-4B99-82E8-6114E042A727}"
EndProject
Project("{2150E333-8FDC-42A3-9474-1A3956D46DE8}") = "Test", "Test", "{99C63DC6-88B3-4F20-B73D-F960DCE40513}"
EndProject
Project("{FAE04EC0-301F-11D3-BF4B-00C04F79EFBC}") = "TestClient", "Test\TestClient\TestClient.csproj", "{EEE94335-2FAB-4454-8CE8-80CD748D7ECD}"
EndProject
Project("{FAE04EC0-301F-11D3-BF4B-00C04F79EFBC}") = "TestServer", "Test\TestServer\TestServer.csproj", "{52CF9734-F0AE-447B-97A7-F680FB4BB747}"
EndProject
Global
	GlobalSection(SolutionConfigurationPlatforms) = preSolution
		Debug|Any CPU = Debug|Any CPU
		Debug|x64 = Debug|x64
		Debug|x86 = Debug|x86
		Release|Any CPU = Release|Any CPU
		Release|x64 = Release|x64
		Release|x86 = Release|x86
	EndGlobalSection
	GlobalSection(SolutionProperties) = preSolution
		HideSolutionNode = FALSE
	EndGlobalSection
	GlobalSection(ProjectConfigurationPlatforms) = postSolution
		{B2C30BAD-6FFA-4B99-82E8-6114E042A727}.Debug|Any CPU.ActiveCfg = Debug|Any CPU
		{B2C30BAD-6FFA-4B99-82E8-6114E042A727}.Debug|Any CPU.Build.0 = Debug|Any CPU
		{B2C30BAD-6FFA-4B99-82E8-6114E042A727}.Debug|x64.ActiveCfg = Debug|Any CPU
		{B2C30BAD-6FFA-4B99-82E8-6114E042A727}.Debug|x64.Build.0 = Debug|Any CPU
		{B2C30BAD-6FFA-4B99-82E8-6114E042A727}.Debug|x86.ActiveCfg = Debug|Any CPU
		{B2C30BAD-6FFA-4B99-82E8-6114E042A727}.Debug|x86.Build.0 = Debug|Any CPU
		{B2C30BAD-6FFA-4B99-82E8-6114E042A727}.Release|Any CPU.ActiveCfg = Release|Any CPU
		{B2C30BAD-6FFA-4B99-82E8-6114E042A727}.Release|Any CPU.Build.0 = Release|Any CPU
		{B2C30BAD-6FFA-4B99-82E8-6114E042A727}.Release|x64.ActiveCfg = Release|Any CPU
		{B2C30BAD-6FFA-4B99-82E8-6114E042A727}.Release|x64.Build.0 = Release|Any CPU
		{B2C30BAD-6FFA-4B99-82E8-6114E042A727}.Release|x86.ActiveCfg = Release|Any CPU
		{B2C30BAD-6FFA-4B99-82E8-6114E042A727}.Release|x86.Build.0 = Release|Any CPU
		{EEE94335-2FAB-4454-8CE8-80CD748D7ECD}.Debug|Any CPU.ActiveCfg = Debug|Any CPU
		{EEE94335-2FAB-4454-8CE8-80CD748D7ECD}.Debug|Any CPU.Build.0 = Debug|Any CPU
		{EEE94335-2FAB-4454-8CE8-80CD748D7ECD}.Debug|x64.ActiveCfg = Debug|Any CPU
		{EEE94335-2FAB-4454-8CE8-80CD748D7ECD}.Debug|x64.Build.0 = Debug|Any CPU
		{EEE94335-2FAB-4454-8CE8-80CD748D7ECD}.Debug|x86.ActiveCfg = Debug|Any CPU
		{EEE94335-2FAB-4454-8CE8-80CD748D7ECD}.Debug|x86.Build.0 = Debug|Any CPU
		{EEE94335-2FAB-4454-8CE8-80CD748D7ECD}.Release|Any CPU.ActiveCfg = Release|Any CPU
		{EEE94335-2FAB-4454-8CE8-80CD748D7ECD}.Release|Any CPU.Build.0 = Release|Any CPU
		{EEE94335-2FAB-4454-8CE8-80CD748D7ECD}.Release|x64.ActiveCfg = Release|Any CPU
		{EEE94335-2FAB-4454-8CE8-80CD748D7ECD}.Release|x64.Build.0 = Release|Any CPU
		{EEE94335-2FAB-4454-8CE8-80CD748D7ECD}.Release|x86.ActiveCfg = Release|Any CPU
		{EEE94335-2FAB-4454-8CE8-80CD748D7ECD}.Release|x86.Build.0 = Release|Any CPU
		{52CF9734-F0AE-447B-97A7-F680FB4BB747}.Debug|Any CPU.ActiveCfg = Debug|Any CPU
		{52CF9734-F0AE-447B-97A7-F680FB4BB747}.Debug|Any CPU.Build.0 = Debug|Any CPU
		{52CF9734-F0AE-447B-97A7-F680FB4BB747}.Debug|x64.ActiveCfg = Debug|Any CPU
		{52CF9734-F0AE-447B-97A7-F680FB4BB747}.Debug|x64.Build.0 = Debug|Any CPU
		{52CF9734-F0AE-447B-97A7-F680FB4BB747}.Debug|x86.ActiveCfg = Debug|Any CPU
		{52CF9734-F0AE-447B-97A7-F680FB4BB747}.Debug|x86.Build.0 = Debug|Any CPU
		{52CF9734-F0AE-447B-97A7-F680FB4BB747}.Release|Any CPU.ActiveCfg = Release|Any CPU
		{52CF9734-F0AE-447B-97A7-F680FB4BB747}.Release|Any CPU.Build.0 = Release|Any CPU
		{52CF9734-F0AE-447B-97A7-F680FB4BB747}.Release|x64.ActiveCfg = Release|Any CPU
		{52CF9734-F0AE-447B-97A7-F680FB4BB747}.Release|x64.Build.0 = Release|Any CPU
		{52CF9734-F0AE-447B-97A7-F680FB4BB747}.Release|x86.ActiveCfg = Release|Any CPU
		{52CF9734-F0AE-447B-97A7-F680FB4BB747}.Release|x86.Build.0 = Release|Any CPU
	EndGlobalSection
	GlobalSection(NestedProjects) = preSolution
		{EEE94335-2FAB-4454-8CE8-80CD748D7ECD} = {99C63DC6-88B3-4F20-B73D-F960DCE40513}
		{52CF9734-F0AE-447B-97A7-F680FB4BB747} = {99C63DC6-88B3-4F20-B73D-F960DCE40513}
	EndGlobalSection
EndGlobal
